// !$*UTF8*$!
{
	archiveVersion = 1;
	classes = {
	};
	objectVersion = 50;
	objects = {

/* Begin PBXBuildFile section */
		5A1DF188D2B626F9B7192A02 /* Pods_SoleekLabsTaskTests.framework in Frameworks */ = {isa = PBXBuildFile; fileRef = 6EAE182DC08D7E5A41B7B1F9 /* Pods_SoleekLabsTaskTests.framework */; };
		73CB96F0AB3985BD52EFC709 /* Pods_SoleekLabsTask.framework in Frameworks */ = {isa = PBXBuildFile; fileRef = FE35EA1B49AC1F6845802421 /* Pods_SoleekLabsTask.framework */; };
		DF6889CA230A2BFB004FCA23 /* iOSDropDown.framework in Frameworks */ = {isa = PBXBuildFile; fileRef = DF6889C9230A2BFB004FCA23 /* iOSDropDown.framework */; };
		DF6889CC230A2E61004FCA23 /* LoginViewPresenter.swift in Sources */ = {isa = PBXBuildFile; fileRef = DF6889CB230A2E61004FCA23 /* LoginViewPresenter.swift */; };
		DF6889D1230AB97F004FCA23 /* Assets.xcassets in Resources */ = {isa = PBXBuildFile; fileRef = DF6889D0230AB97F004FCA23 /* Assets.xcassets */; };
		DFBD942D230A1983002FBD7E /* AppDelegate.swift in Sources */ = {isa = PBXBuildFile; fileRef = DFBD942C230A1983002FBD7E /* AppDelegate.swift */; };
		DFBD942F230A1983002FBD7E /* LoginViewController.swift in Sources */ = {isa = PBXBuildFile; fileRef = DFBD942E230A1983002FBD7E /* LoginViewController.swift */; };
		DFBD9432230A1983002FBD7E /* Main.storyboard in Resources */ = {isa = PBXBuildFile; fileRef = DFBD9430230A1983002FBD7E /* Main.storyboard */; };
		DFBD9437230A1986002FBD7E /* LaunchScreen.storyboard in Resources */ = {isa = PBXBuildFile; fileRef = DFBD9435230A1986002FBD7E /* LaunchScreen.storyboard */; };
		DFBD9442230A1986002FBD7E /* SoleekLabsTaskTests.swift in Sources */ = {isa = PBXBuildFile; fileRef = DFBD9441230A1986002FBD7E /* SoleekLabsTaskTests.swift */; };
		DFD36620230AC2CD00BA4ECB /* SideMenuViewController.swift in Sources */ = {isa = PBXBuildFile; fileRef = DFD3661F230AC2CD00BA4ECB /* SideMenuViewController.swift */; };
		DFD36622230AC9EC00BA4ECB /* SideMenuViewController+TableView.swift in Sources */ = {isa = PBXBuildFile; fileRef = DFD36621230AC9EC00BA4ECB /* SideMenuViewController+TableView.swift */; };
		DFD36624230ACA2000BA4ECB /* SideMenuViewControllerPresenter.swift in Sources */ = {isa = PBXBuildFile; fileRef = DFD36623230ACA2000BA4ECB /* SideMenuViewControllerPresenter.swift */; };
		DFD36626230ACC2300BA4ECB /* SideMenuTableViewCell.swift in Sources */ = {isa = PBXBuildFile; fileRef = DFD36625230ACC2300BA4ECB /* SideMenuTableViewCell.swift */; };
		DFD36628230AD2D700BA4ECB /* Constants.swift in Sources */ = {isa = PBXBuildFile; fileRef = DFD36627230AD2D700BA4ECB /* Constants.swift */; };
		DFD3662B230AD38300BA4ECB /* DetailsViewController.swift in Sources */ = {isa = PBXBuildFile; fileRef = DFD3662A230AD38300BA4ECB /* DetailsViewController.swift */; };
/* End PBXBuildFile section */

/* Begin PBXContainerItemProxy section */
		DFBD943E230A1986002FBD7E /* PBXContainerItemProxy */ = {
			isa = PBXContainerItemProxy;
			containerPortal = DFBD9421230A1983002FBD7E /* Project object */;
			proxyType = 1;
			remoteGlobalIDString = DFBD9428230A1983002FBD7E;
			remoteInfo = SoleekLabsTask;
		};
/* End PBXContainerItemProxy section */

/* Begin PBXFileReference section */
		20E06908DC0C46C8AAF7A7C3 /* Pods-SoleekLabsTaskTests.debug.xcconfig */ = {isa = PBXFileReference; includeInIndex = 1; lastKnownFileType = text.xcconfig; name = "Pods-SoleekLabsTaskTests.debug.xcconfig"; path = "Target Support Files/Pods-SoleekLabsTaskTests/Pods-SoleekLabsTaskTests.debug.xcconfig"; sourceTree = "<group>"; };
		37CEDDC269917505191E26AE /* Pods-SoleekLabsTask.release.xcconfig */ = {isa = PBXFileReference; includeInIndex = 1; lastKnownFileType = text.xcconfig; name = "Pods-SoleekLabsTask.release.xcconfig"; path = "Target Support Files/Pods-SoleekLabsTask/Pods-SoleekLabsTask.release.xcconfig"; sourceTree = "<group>"; };
		6EAE182DC08D7E5A41B7B1F9 /* Pods_SoleekLabsTaskTests.framework */ = {isa = PBXFileReference; explicitFileType = wrapper.framework; includeInIndex = 0; path = Pods_SoleekLabsTaskTests.framework; sourceTree = BUILT_PRODUCTS_DIR; };
		C7DE0C983B792ABBF9176AF0 /* Pods-SoleekLabsTask.debug.xcconfig */ = {isa = PBXFileReference; includeInIndex = 1; lastKnownFileType = text.xcconfig; name = "Pods-SoleekLabsTask.debug.xcconfig"; path = "Target Support Files/Pods-SoleekLabsTask/Pods-SoleekLabsTask.debug.xcconfig"; sourceTree = "<group>"; };
		D3EE941E65F09A5115BBC154 /* Pods-SoleekLabsTaskTests.release.xcconfig */ = {isa = PBXFileReference; includeInIndex = 1; lastKnownFileType = text.xcconfig; name = "Pods-SoleekLabsTaskTests.release.xcconfig"; path = "Target Support Files/Pods-SoleekLabsTaskTests/Pods-SoleekLabsTaskTests.release.xcconfig"; sourceTree = "<group>"; };
		DF6889C9230A2BFB004FCA23 /* iOSDropDown.framework */ = {isa = PBXFileReference; explicitFileType = wrapper.framework; path = iOSDropDown.framework; sourceTree = BUILT_PRODUCTS_DIR; };
		DF6889CB230A2E61004FCA23 /* LoginViewPresenter.swift */ = {isa = PBXFileReference; lastKnownFileType = sourcecode.swift; path = LoginViewPresenter.swift; sourceTree = "<group>"; };
		DF6889D0230AB97F004FCA23 /* Assets.xcassets */ = {isa = PBXFileReference; lastKnownFileType = folder.assetcatalog; path = Assets.xcassets; sourceTree = "<group>"; };
		DFBD9429230A1983002FBD7E /* SoleekLabsTask.app */ = {isa = PBXFileReference; explicitFileType = wrapper.application; includeInIndex = 0; path = SoleekLabsTask.app; sourceTree = BUILT_PRODUCTS_DIR; };
		DFBD942C230A1983002FBD7E /* AppDelegate.swift */ = {isa = PBXFileReference; lastKnownFileType = sourcecode.swift; path = AppDelegate.swift; sourceTree = "<group>"; };
		DFBD942E230A1983002FBD7E /* LoginViewController.swift */ = {isa = PBXFileReference; lastKnownFileType = sourcecode.swift; path = LoginViewController.swift; sourceTree = "<group>"; };
		DFBD9431230A1983002FBD7E /* Base */ = {isa = PBXFileReference; lastKnownFileType = file.storyboard; name = Base; path = Base.lproj/Main.storyboard; sourceTree = "<group>"; };
		DFBD9436230A1986002FBD7E /* Base */ = {isa = PBXFileReference; lastKnownFileType = file.storyboard; name = Base; path = Base.lproj/LaunchScreen.storyboard; sourceTree = "<group>"; };
		DFBD9438230A1986002FBD7E /* Info.plist */ = {isa = PBXFileReference; lastKnownFileType = text.plist.xml; path = Info.plist; sourceTree = "<group>"; };
		DFBD943D230A1986002FBD7E /* SoleekLabsTaskTests.xctest */ = {isa = PBXFileReference; explicitFileType = wrapper.cfbundle; includeInIndex = 0; path = SoleekLabsTaskTests.xctest; sourceTree = BUILT_PRODUCTS_DIR; };
		DFBD9441230A1986002FBD7E /* SoleekLabsTaskTests.swift */ = {isa = PBXFileReference; lastKnownFileType = sourcecode.swift; path = SoleekLabsTaskTests.swift; sourceTree = "<group>"; };
		DFBD9443230A1986002FBD7E /* Info.plist */ = {isa = PBXFileReference; lastKnownFileType = text.plist.xml; path = Info.plist; sourceTree = "<group>"; };
		DFD3661F230AC2CD00BA4ECB /* SideMenuViewController.swift */ = {isa = PBXFileReference; lastKnownFileType = sourcecode.swift; path = SideMenuViewController.swift; sourceTree = "<group>"; };
		DFD36621230AC9EC00BA4ECB /* SideMenuViewController+TableView.swift */ = {isa = PBXFileReference; lastKnownFileType = sourcecode.swift; path = "SideMenuViewController+TableView.swift"; sourceTree = "<group>"; };
		DFD36623230ACA2000BA4ECB /* SideMenuViewControllerPresenter.swift */ = {isa = PBXFileReference; lastKnownFileType = sourcecode.swift; path = SideMenuViewControllerPresenter.swift; sourceTree = "<group>"; };
		DFD36625230ACC2300BA4ECB /* SideMenuTableViewCell.swift */ = {isa = PBXFileReference; lastKnownFileType = sourcecode.swift; path = SideMenuTableViewCell.swift; sourceTree = "<group>"; };
		DFD36627230AD2D700BA4ECB /* Constants.swift */ = {isa = PBXFileReference; lastKnownFileType = sourcecode.swift; path = Constants.swift; sourceTree = "<group>"; };
		DFD3662A230AD38300BA4ECB /* DetailsViewController.swift */ = {isa = PBXFileReference; lastKnownFileType = sourcecode.swift; path = DetailsViewController.swift; sourceTree = "<group>"; };
		FE35EA1B49AC1F6845802421 /* Pods_SoleekLabsTask.framework */ = {isa = PBXFileReference; explicitFileType = wrapper.framework; includeInIndex = 0; path = Pods_SoleekLabsTask.framework; sourceTree = BUILT_PRODUCTS_DIR; };
/* End PBXFileReference section */

/* Begin PBXFrameworksBuildPhase section */
		DFBD9426230A1983002FBD7E /* Frameworks */ = {
			isa = PBXFrameworksBuildPhase;
			buildActionMask = 2147483647;
			files = (
				DF6889CA230A2BFB004FCA23 /* iOSDropDown.framework in Frameworks */,
				73CB96F0AB3985BD52EFC709 /* Pods_SoleekLabsTask.framework in Frameworks */,
			);
			runOnlyForDeploymentPostprocessing = 0;
		};
		DFBD943A230A1986002FBD7E /* Frameworks */ = {
			isa = PBXFrameworksBuildPhase;
			buildActionMask = 2147483647;
			files = (
				5A1DF188D2B626F9B7192A02 /* Pods_SoleekLabsTaskTests.framework in Frameworks */,
			);
			runOnlyForDeploymentPostprocessing = 0;
		};
/* End PBXFrameworksBuildPhase section */

/* Begin PBXGroup section */
		7CFC1F5011268CCA30998BA7 /* Frameworks */ = {
			isa = PBXGroup;
			children = (
				DF6889C9230A2BFB004FCA23 /* iOSDropDown.framework */,
				FE35EA1B49AC1F6845802421 /* Pods_SoleekLabsTask.framework */,
				6EAE182DC08D7E5A41B7B1F9 /* Pods_SoleekLabsTaskTests.framework */,
			);
			name = Frameworks;
			sourceTree = "<group>";
		};
		DF6889CF230A4652004FCA23 /* Login */ = {
			isa = PBXGroup;
			children = (
				DFBD942E230A1983002FBD7E /* LoginViewController.swift */,
				DF6889CB230A2E61004FCA23 /* LoginViewPresenter.swift */,
			);
			name = Login;
			sourceTree = "<group>";
		};
		DFBD9420230A1983002FBD7E = {
			isa = PBXGroup;
			children = (
				DFBD942B230A1983002FBD7E /* SoleekLabsTask */,
				DFBD9440230A1986002FBD7E /* SoleekLabsTaskTests */,
				DFBD942A230A1983002FBD7E /* Products */,
				FA847288F1498668F4243A5A /* Pods */,
				7CFC1F5011268CCA30998BA7 /* Frameworks */,
			);
			sourceTree = "<group>";
		};
		DFBD942A230A1983002FBD7E /* Products */ = {
			isa = PBXGroup;
			children = (
				DFBD9429230A1983002FBD7E /* SoleekLabsTask.app */,
				DFBD943D230A1986002FBD7E /* SoleekLabsTaskTests.xctest */,
			);
			name = Products;
			sourceTree = "<group>";
		};
		DFBD942B230A1983002FBD7E /* SoleekLabsTask */ = {
			isa = PBXGroup;
			children = (
				DFBD942C230A1983002FBD7E /* AppDelegate.swift */,
				DFD36627230AD2D700BA4ECB /* Constants.swift */,
				DFD3662A230AD38300BA4ECB /* DetailsViewController.swift */,
				DFD36629230AD35D00BA4ECB /* SideMenu */,
				DF6889CF230A4652004FCA23 /* Login */,
				DFBD9430230A1983002FBD7E /* Main.storyboard */,
				DFBD9435230A1986002FBD7E /* LaunchScreen.storyboard */,
				DF6889D0230AB97F004FCA23 /* Assets.xcassets */,
				DFBD9438230A1986002FBD7E /* Info.plist */,
			);
			path = SoleekLabsTask;
			sourceTree = "<group>";
		};
		DFBD9440230A1986002FBD7E /* SoleekLabsTaskTests */ = {
			isa = PBXGroup;
			children = (
				DFBD9441230A1986002FBD7E /* SoleekLabsTaskTests.swift */,
				DFBD9443230A1986002FBD7E /* Info.plist */,
			);
			path = SoleekLabsTaskTests;
			sourceTree = "<group>";
		};
		DFD36629230AD35D00BA4ECB /* SideMenu */ = {
			isa = PBXGroup;
			children = (
				DFD3661F230AC2CD00BA4ECB /* SideMenuViewController.swift */,
				DFD36621230AC9EC00BA4ECB /* SideMenuViewController+TableView.swift */,
				DFD36625230ACC2300BA4ECB /* SideMenuTableViewCell.swift */,
				DFD36623230ACA2000BA4ECB /* SideMenuViewControllerPresenter.swift */,
			);
			name = SideMenu;
			sourceTree = "<group>";
		};
		FA847288F1498668F4243A5A /* Pods */ = {
			isa = PBXGroup;
			children = (
				C7DE0C983B792ABBF9176AF0 /* Pods-SoleekLabsTask.debug.xcconfig */,
				37CEDDC269917505191E26AE /* Pods-SoleekLabsTask.release.xcconfig */,
				20E06908DC0C46C8AAF7A7C3 /* Pods-SoleekLabsTaskTests.debug.xcconfig */,
				D3EE941E65F09A5115BBC154 /* Pods-SoleekLabsTaskTests.release.xcconfig */,
			);
			path = Pods;
			sourceTree = "<group>";
		};
/* End PBXGroup section */

/* Begin PBXNativeTarget section */
		DFBD9428230A1983002FBD7E /* SoleekLabsTask */ = {
			isa = PBXNativeTarget;
			buildConfigurationList = DFBD9446230A1986002FBD7E /* Build configuration list for PBXNativeTarget "SoleekLabsTask" */;
			buildPhases = (
				1EFF2D7465657055533B675A /* [CP] Check Pods Manifest.lock */,
				DFBD9425230A1983002FBD7E /* Sources */,
				DFBD9426230A1983002FBD7E /* Frameworks */,
				DFBD9427230A1983002FBD7E /* Resources */,
				1023CA0CB4217D5DEEE26697 /* [CP] Embed Pods Frameworks */,
			);
			buildRules = (
			);
			dependencies = (
			);
			name = SoleekLabsTask;
			productName = SoleekLabsTask;
			productReference = DFBD9429230A1983002FBD7E /* SoleekLabsTask.app */;
			productType = "com.apple.product-type.application";
		};
		DFBD943C230A1986002FBD7E /* SoleekLabsTaskTests */ = {
			isa = PBXNativeTarget;
			buildConfigurationList = DFBD9449230A1986002FBD7E /* Build configuration list for PBXNativeTarget "SoleekLabsTaskTests" */;
			buildPhases = (
				AD9804570A956AD8A25268A0 /* [CP] Check Pods Manifest.lock */,
				DFBD9439230A1986002FBD7E /* Sources */,
				DFBD943A230A1986002FBD7E /* Frameworks */,
				DFBD943B230A1986002FBD7E /* Resources */,
			);
			buildRules = (
			);
			dependencies = (
				DFBD943F230A1986002FBD7E /* PBXTargetDependency */,
			);
			name = SoleekLabsTaskTests;
			productName = SoleekLabsTaskTests;
			productReference = DFBD943D230A1986002FBD7E /* SoleekLabsTaskTests.xctest */;
			productType = "com.apple.product-type.bundle.unit-test";
		};
/* End PBXNativeTarget section */

/* Begin PBXProject section */
		DFBD9421230A1983002FBD7E /* Project object */ = {
			isa = PBXProject;
			attributes = {
				LastSwiftUpdateCheck = 1020;
				LastUpgradeCheck = 1020;
				ORGANIZATIONNAME = "Islam Metwally";
				TargetAttributes = {
					DFBD9428230A1983002FBD7E = {
						CreatedOnToolsVersion = 10.2.1;
					};
					DFBD943C230A1986002FBD7E = {
						CreatedOnToolsVersion = 10.2.1;
						TestTargetID = DFBD9428230A1983002FBD7E;
					};
				};
			};
			buildConfigurationList = DFBD9424230A1983002FBD7E /* Build configuration list for PBXProject "SoleekLabsTask" */;
			compatibilityVersion = "Xcode 9.3";
			developmentRegion = en;
			hasScannedForEncodings = 0;
			knownRegions = (
				en,
				Base,
			);
			mainGroup = DFBD9420230A1983002FBD7E;
			productRefGroup = DFBD942A230A1983002FBD7E /* Products */;
			projectDirPath = "";
			projectRoot = "";
			targets = (
				DFBD9428230A1983002FBD7E /* SoleekLabsTask */,
				DFBD943C230A1986002FBD7E /* SoleekLabsTaskTests */,
			);
		};
/* End PBXProject section */

/* Begin PBXResourcesBuildPhase section */
		DFBD9427230A1983002FBD7E /* Resources */ = {
			isa = PBXResourcesBuildPhase;
			buildActionMask = 2147483647;
			files = (
				DFBD9437230A1986002FBD7E /* LaunchScreen.storyboard in Resources */,
				DF6889D1230AB97F004FCA23 /* Assets.xcassets in Resources */,
				DFBD9432230A1983002FBD7E /* Main.storyboard in Resources */,
			);
			runOnlyForDeploymentPostprocessing = 0;
		};
		DFBD943B230A1986002FBD7E /* Resources */ = {
			isa = PBXResourcesBuildPhase;
			buildActionMask = 2147483647;
			files = (
			);
			runOnlyForDeploymentPostprocessing = 0;
		};
/* End PBXResourcesBuildPhase section */

/* Begin PBXShellScriptBuildPhase section */
		1023CA0CB4217D5DEEE26697 /* [CP] Embed Pods Frameworks */ = {
			isa = PBXShellScriptBuildPhase;
			buildActionMask = 2147483647;
			files = (
			);
			inputFileListPaths = (
			);
			inputPaths = (
				"${PODS_ROOT}/Target Support Files/Pods-SoleekLabsTask/Pods-SoleekLabsTask-frameworks.sh",
				"${BUILT_PRODUCTS_DIR}/iOSDropDown/iOSDropDown.framework",
			);
			name = "[CP] Embed Pods Frameworks";
			outputFileListPaths = (
			);
			outputPaths = (
				"${TARGET_BUILD_DIR}/${FRAMEWORKS_FOLDER_PATH}/iOSDropDown.framework",
			);
			runOnlyForDeploymentPostprocessing = 0;
			shellPath = /bin/sh;
			shellScript = "\"${PODS_ROOT}/Target Support Files/Pods-SoleekLabsTask/Pods-SoleekLabsTask-frameworks.sh\"\n";
			showEnvVarsInLog = 0;
		};
		1EFF2D7465657055533B675A /* [CP] Check Pods Manifest.lock */ = {
			isa = PBXShellScriptBuildPhase;
			buildActionMask = 2147483647;
			files = (
			);
			inputFileListPaths = (
			);
			inputPaths = (
				"${PODS_PODFILE_DIR_PATH}/Podfile.lock",
				"${PODS_ROOT}/Manifest.lock",
			);
			name = "[CP] Check Pods Manifest.lock";
			outputFileListPaths = (
			);
			outputPaths = (
				"$(DERIVED_FILE_DIR)/Pods-SoleekLabsTask-checkManifestLockResult.txt",
			);
			runOnlyForDeploymentPostprocessing = 0;
			shellPath = /bin/sh;
			shellScript = "diff \"${PODS_PODFILE_DIR_PATH}/Podfile.lock\" \"${PODS_ROOT}/Manifest.lock\" > /dev/null\nif [ $? != 0 ] ; then\n    # print error to STDERR\n    echo \"error: The sandbox is not in sync with the Podfile.lock. Run 'pod install' or update your CocoaPods installation.\" >&2\n    exit 1\nfi\n# This output is used by Xcode 'outputs' to avoid re-running this script phase.\necho \"SUCCESS\" > \"${SCRIPT_OUTPUT_FILE_0}\"\n";
			showEnvVarsInLog = 0;
		};
		AD9804570A956AD8A25268A0 /* [CP] Check Pods Manifest.lock */ = {
			isa = PBXShellScriptBuildPhase;
			buildActionMask = 2147483647;
			files = (
			);
			inputFileListPaths = (
			);
			inputPaths = (
				"${PODS_PODFILE_DIR_PATH}/Podfile.lock",
				"${PODS_ROOT}/Manifest.lock",
			);
			name = "[CP] Check Pods Manifest.lock";
			outputFileListPaths = (
			);
			outputPaths = (
				"$(DERIVED_FILE_DIR)/Pods-SoleekLabsTaskTests-checkManifestLockResult.txt",
			);
			runOnlyForDeploymentPostprocessing = 0;
			shellPath = /bin/sh;
			shellScript = "diff \"${PODS_PODFILE_DIR_PATH}/Podfile.lock\" \"${PODS_ROOT}/Manifest.lock\" > /dev/null\nif [ $? != 0 ] ; then\n    # print error to STDERR\n    echo \"error: The sandbox is not in sync with the Podfile.lock. Run 'pod install' or update your CocoaPods installation.\" >&2\n    exit 1\nfi\n# This output is used by Xcode 'outputs' to avoid re-running this script phase.\necho \"SUCCESS\" > \"${SCRIPT_OUTPUT_FILE_0}\"\n";
			showEnvVarsInLog = 0;
		};
/* End PBXShellScriptBuildPhase section */

/* Begin PBXSourcesBuildPhase section */
		DFBD9425230A1983002FBD7E /* Sources */ = {
			isa = PBXSourcesBuildPhase;
			buildActionMask = 2147483647;
			files = (
				DFD36620230AC2CD00BA4ECB /* SideMenuViewController.swift in Sources */,
				DF6889CC230A2E61004FCA23 /* LoginViewPresenter.swift in Sources */,
				DFD3662B230AD38300BA4ECB /* DetailsViewController.swift in Sources */,
				DFBD942F230A1983002FBD7E /* LoginViewController.swift in Sources */,
				DFD36624230ACA2000BA4ECB /* SideMenuViewControllerPresenter.swift in Sources */,
				DFD36626230ACC2300BA4ECB /* SideMenuTableViewCell.swift in Sources */,
				DFBD942D230A1983002FBD7E /* AppDelegate.swift in Sources */,
				DFD36622230AC9EC00BA4ECB /* SideMenuViewController+TableView.swift in Sources */,
				DFD36628230AD2D700BA4ECB /* Constants.swift in Sources */,
			);
			runOnlyForDeploymentPostprocessing = 0;
		};
		DFBD9439230A1986002FBD7E /* Sources */ = {
			isa = PBXSourcesBuildPhase;
			buildActionMask = 2147483647;
			files = (
				DFBD9442230A1986002FBD7E /* SoleekLabsTaskTests.swift in Sources */,
			);
			runOnlyForDeploymentPostprocessing = 0;
		};
/* End PBXSourcesBuildPhase section */

/* Begin PBXTargetDependency section */
		DFBD943F230A1986002FBD7E /* PBXTargetDependency */ = {
			isa = PBXTargetDependency;
			target = DFBD9428230A1983002FBD7E /* SoleekLabsTask */;
			targetProxy = DFBD943E230A1986002FBD7E /* PBXContainerItemProxy */;
		};
/* End PBXTargetDependency section */

/* Begin PBXVariantGroup section */
		DFBD9430230A1983002FBD7E /* Main.storyboard */ = {
			isa = PBXVariantGroup;
			children = (
				DFBD9431230A1983002FBD7E /* Base */,
			);
			name = Main.storyboard;
			sourceTree = "<group>";
		};
		DFBD9435230A1986002FBD7E /* LaunchScreen.storyboard */ = {
			isa = PBXVariantGroup;
			children = (
				DFBD9436230A1986002FBD7E /* Base */,
			);
			name = LaunchScreen.storyboard;
			sourceTree = "<group>";
		};
/* End PBXVariantGroup section */

/* Begin XCBuildConfiguration section */
		DFBD9444230A1986002FBD7E /* Debug */ = {
			isa = XCBuildConfiguration;
			buildSettings = {
				ALWAYS_SEARCH_USER_PATHS = NO;
				CLANG_ANALYZER_NONNULL = YES;
				CLANG_ANALYZER_NUMBER_OBJECT_CONVERSION = YES_AGGRESSIVE;
				CLANG_CXX_LANGUAGE_STANDARD = "gnu++14";
				CLANG_CXX_LIBRARY = "libc++";
				CLANG_ENABLE_MODULES = YES;
				CLANG_ENABLE_OBJC_ARC = YES;
				CLANG_ENABLE_OBJC_WEAK = YES;
				CLANG_WARN_BLOCK_CAPTURE_AUTORELEASING = YES;
				CLANG_WARN_BOOL_CONVERSION = YES;
				CLANG_WARN_COMMA = YES;
				CLANG_WARN_CONSTANT_CONVERSION = YES;
				CLANG_WARN_DEPRECATED_OBJC_IMPLEMENTATIONS = YES;
				CLANG_WARN_DIRECT_OBJC_ISA_USAGE = YES_ERROR;
				CLANG_WARN_DOCUMENTATION_COMMENTS = YES;
				CLANG_WARN_EMPTY_BODY = YES;
				CLANG_WARN_ENUM_CONVERSION = YES;
				CLANG_WARN_INFINITE_RECURSION = YES;
				CLANG_WARN_INT_CONVERSION = YES;
				CLANG_WARN_NON_LITERAL_NULL_CONVERSION = YES;
				CLANG_WARN_OBJC_IMPLICIT_RETAIN_SELF = YES;
				CLANG_WARN_OBJC_LITERAL_CONVERSION = YES;
				CLANG_WARN_OBJC_ROOT_CLASS = YES_ERROR;
				CLANG_WARN_RANGE_LOOP_ANALYSIS = YES;
				CLANG_WARN_STRICT_PROTOTYPES = YES;
				CLANG_WARN_SUSPICIOUS_MOVE = YES;
				CLANG_WARN_UNGUARDED_AVAILABILITY = YES_AGGRESSIVE;
				CLANG_WARN_UNREACHABLE_CODE = YES;
				CLANG_WARN__DUPLICATE_METHOD_MATCH = YES;
				CODE_SIGN_IDENTITY = "iPhone Developer";
				COPY_PHASE_STRIP = NO;
				DEBUG_INFORMATION_FORMAT = dwarf;
				ENABLE_STRICT_OBJC_MSGSEND = YES;
				ENABLE_TESTABILITY = YES;
				GCC_C_LANGUAGE_STANDARD = gnu11;
				GCC_DYNAMIC_NO_PIC = NO;
				GCC_NO_COMMON_BLOCKS = YES;
				GCC_OPTIMIZATION_LEVEL = 0;
				GCC_PREPROCESSOR_DEFINITIONS = (
					"DEBUG=1",
					"$(inherited)",
				);
				GCC_WARN_64_TO_32_BIT_CONVERSION = YES;
				GCC_WARN_ABOUT_RETURN_TYPE = YES_ERROR;
				GCC_WARN_UNDECLARED_SELECTOR = YES;
				GCC_WARN_UNINITIALIZED_AUTOS = YES_AGGRESSIVE;
				GCC_WARN_UNUSED_FUNCTION = YES;
				GCC_WARN_UNUSED_VARIABLE = YES;
				IPHONEOS_DEPLOYMENT_TARGET = 12.2;
				MTL_ENABLE_DEBUG_INFO = INCLUDE_SOURCE;
				MTL_FAST_MATH = YES;
				ONLY_ACTIVE_ARCH = YES;
				SDKROOT = iphoneos;
				SWIFT_ACTIVE_COMPILATION_CONDITIONS = DEBUG;
				SWIFT_OPTIMIZATION_LEVEL = "-Onone";
			};
			name = Debug;
		};
		DFBD9445230A1986002FBD7E /* Release */ = {
			isa = XCBuildConfiguration;
			buildSettings = {
				ALWAYS_SEARCH_USER_PATHS = NO;
				CLANG_ANALYZER_NONNULL = YES;
				CLANG_ANALYZER_NUMBER_OBJECT_CONVERSION = YES_AGGRESSIVE;
				CLANG_CXX_LANGUAGE_STANDARD = "gnu++14";
				CLANG_CXX_LIBRARY = "libc++";
				CLANG_ENABLE_MODULES = YES;
				CLANG_ENABLE_OBJC_ARC = YES;
				CLANG_ENABLE_OBJC_WEAK = YES;
				CLANG_WARN_BLOCK_CAPTURE_AUTORELEASING = YES;
				CLANG_WARN_BOOL_CONVERSION = YES;
				CLANG_WARN_COMMA = YES;
				CLANG_WARN_CONSTANT_CONVERSION = YES;
				CLANG_WARN_DEPRECATED_OBJC_IMPLEMENTATIONS = YES;
				CLANG_WARN_DIRECT_OBJC_ISA_USAGE = YES_ERROR;
				CLANG_WARN_DOCUMENTATION_COMMENTS = YES;
				CLANG_WARN_EMPTY_BODY = YES;
				CLANG_WARN_ENUM_CONVERSION = YES;
				CLANG_WARN_INFINITE_RECURSION = YES;
				CLANG_WARN_INT_CONVERSION = YES;
				CLANG_WARN_NON_LITERAL_NULL_CONVERSION = YES;
				CLANG_WARN_OBJC_IMPLICIT_RETAIN_SELF = YES;
				CLANG_WARN_OBJC_LITERAL_CONVERSION = YES;
				CLANG_WARN_OBJC_ROOT_CLASS = YES_ERROR;
				CLANG_WARN_RANGE_LOOP_ANALYSIS = YES;
				CLANG_WARN_STRICT_PROTOTYPES = YES;
				CLANG_WARN_SUSPICIOUS_MOVE = YES;
				CLANG_WARN_UNGUARDED_AVAILABILITY = YES_AGGRESSIVE;
				CLANG_WARN_UNREACHABLE_CODE = YES;
				CLANG_WARN__DUPLICATE_METHOD_MATCH = YES;
				CODE_SIGN_IDENTITY = "iPhone Developer";
				COPY_PHASE_STRIP = NO;
				DEBUG_INFORMATION_FORMAT = "dwarf-with-dsym";
				ENABLE_NS_ASSERTIONS = NO;
				ENABLE_STRICT_OBJC_MSGSEND = YES;
				GCC_C_LANGUAGE_STANDARD = gnu11;
				GCC_NO_COMMON_BLOCKS = YES;
				GCC_WARN_64_TO_32_BIT_CONVERSION = YES;
				GCC_WARN_ABOUT_RETURN_TYPE = YES_ERROR;
				GCC_WARN_UNDECLARED_SELECTOR = YES;
				GCC_WARN_UNINITIALIZED_AUTOS = YES_AGGRESSIVE;
				GCC_WARN_UNUSED_FUNCTION = YES;
				GCC_WARN_UNUSED_VARIABLE = YES;
				IPHONEOS_DEPLOYMENT_TARGET = 12.2;
				MTL_ENABLE_DEBUG_INFO = NO;
				MTL_FAST_MATH = YES;
				SDKROOT = iphoneos;
				SWIFT_COMPILATION_MODE = wholemodule;
				SWIFT_OPTIMIZATION_LEVEL = "-O";
				VALIDATE_PRODUCT = YES;
			};
			name = Release;
		};
		DFBD9447230A1986002FBD7E /* Debug */ = {
			isa = XCBuildConfiguration;
			baseConfigurationReference = C7DE0C983B792ABBF9176AF0 /* Pods-SoleekLabsTask.debug.xcconfig */;
			buildSettings = {
				ASSETCATALOG_COMPILER_APPICON_NAME = AppIcon;
				CODE_SIGN_STYLE = Automatic;
				INFOPLIST_FILE = SoleekLabsTask/Info.plist;
				LD_RUNPATH_SEARCH_PATHS = (
					"$(inherited)",
					"@executable_path/Frameworks",
				);
				PRODUCT_BUNDLE_IDENTIFIER = com.islamMetwally.SoleekLabsTask;
				PRODUCT_NAME = "$(TARGET_NAME)";
				SWIFT_VERSION = 5.0;
				TARGETED_DEVICE_FAMILY = "1,2";
			};
			name = Debug;
		};
		DFBD9448230A1986002FBD7E /* Release */ = {
			isa = XCBuildConfiguration;
			baseConfigurationReference = 37CEDDC269917505191E26AE /* Pods-SoleekLabsTask.release.xcconfig */;
			buildSettings = {
				ASSETCATALOG_COMPILER_APPICON_NAME = AppIcon;
				CODE_SIGN_STYLE = Automatic;
				INFOPLIST_FILE = SoleekLabsTask/Info.plist;
				LD_RUNPATH_SEARCH_PATHS = (
					"$(inherited)",
					"@executable_path/Frameworks",
				);
				PRODUCT_BUNDLE_IDENTIFIER = com.islamMetwally.SoleekLabsTask;
				PRODUCT_NAME = "$(TARGET_NAME)";
				SWIFT_VERSION = 5.0;
				TARGETED_DEVICE_FAMILY = "1,2";
			};
			name = Release;
		};
		DFBD944A230A1986002FBD7E /* Debug */ = {
			isa = XCBuildConfiguration;
			baseConfigurationReference = 20E06908DC0C46C8AAF7A7C3 /* Pods-SoleekLabsTaskTests.debug.xcconfig */;
			buildSettings = {
				ALWAYS_EMBED_SWIFT_STANDARD_LIBRARIES = YES;
				BUNDLE_LOADER = "$(TEST_HOST)";
				CODE_SIGN_STYLE = Automatic;
				INFOPLIST_FILE = SoleekLabsTaskTests/Info.plist;
				LD_RUNPATH_SEARCH_PATHS = (
					"$(inherited)",
					"@executable_path/Frameworks",
					"@loader_path/Frameworks",
				);
				PRODUCT_BUNDLE_IDENTIFIER = com.islamMetwally.SoleekLabsTaskTests;
				PRODUCT_NAME = "$(TARGET_NAME)";
				SWIFT_VERSION = 5.0;
				TARGETED_DEVICE_FAMILY = "1,2";
				TEST_HOST = "$(BUILT_PRODUCTS_DIR)/SoleekLabsTask.app/SoleekLabsTask";
			};
			name = Debug;
		};
		DFBD944B230A1986002FBD7E /* Release */ = {
			isa = XCBuildConfiguration;
			baseConfigurationReference = D3EE941E65F09A5115BBC154 /* Pods-SoleekLabsTaskTests.release.xcconfig */;
			buildSettings = {
				ALWAYS_EMBED_SWIFT_STANDARD_LIBRARIES = YES;
				BUNDLE_LOADER = "$(TEST_HOST)";
				CODE_SIGN_STYLE = Automatic;
				INFOPLIST_FILE = SoleekLabsTaskTests/Info.plist;
				LD_RUNPATH_SEARCH_PATHS = (
					"$(inherited)",
					"@executable_path/Frameworks",
					"@loader_path/Frameworks",
				);
				PRODUCT_BUNDLE_IDENTIFIER = com.islamMetwally.SoleekLabsTaskTests;
				PRODUCT_NAME = "$(TARGET_NAME)";
				SWIFT_VERSION = 5.0;
				TARGETED_DEVICE_FAMILY = "1,2";
				TEST_HOST = "$(BUILT_PRODUCTS_DIR)/SoleekLabsTask.app/SoleekLabsTask";
			};
			name = Release;
		};
/* End XCBuildConfiguration section */

/* Begin XCConfigurationList section */
		DFBD9424230A1983002FBD7E /* Build configuration list for PBXProject "SoleekLabsTask" */ = {
			isa = XCConfigurationList;
			buildConfigurations = (
				DFBD9444230A1986002FBD7E /* Debug */,
				DFBD9445230A1986002FBD7E /* Release */,
			);
			defaultConfigurationIsVisible = 0;
			defaultConfigurationName = Release;
		};
		DFBD9446230A1986002FBD7E /* Build configuration list for PBXNativeTarget "SoleekLabsTask" */ = {
			isa = XCConfigurationList;
			buildConfigurations = (
				DFBD9447230A1986002FBD7E /* Debug */,
				DFBD9448230A1986002FBD7E /* Release */,
			);
			defaultConfigurationIsVisible = 0;
			defaultConfigurationName = Release;
		};
		DFBD9449230A1986002FBD7E /* Build configuration list for PBXNativeTarget "SoleekLabsTaskTests" */ = {
			isa = XCConfigurationList;
			buildConfigurations = (
				DFBD944A230A1986002FBD7E /* Debug */,
				DFBD944B230A1986002FBD7E /* Release */,
			);
			defaultConfigurationIsVisible = 0;
			defaultConfigurationName = Release;
		};
/* End XCConfigurationList section */
	};
	rootObject = DFBD9421230A1983002FBD7E /* Project object */;
}
